
Microsoft Visual Studio Solution File, Format Version 12.00
# Visual Studio Version 17
VisualStudioVersion = 17.3.32728.150
MinimumVisualStudioVersion = 10.0.40219.1
Project("{FAE04EC0-301F-11D3-BF4B-00C04F79EFBC}") = "EnumEnum", "EnumEnum.csproj", "{76383FF8-5AED-4BAB-A57F-EE8C5DD1F23C}"
EndProject
Global
	GlobalSection(SolutionConfigurationPlatforms) = preSolution
		Debug|Any CPU = Debug|Any CPU
		Release|Any CPU = Release|Any CPU
	EndGlobalSection
	GlobalSection(ProjectConfigurationPlatforms) = postSolution
		{76383FF8-5AED-4BAB-A57F-EE8C5DD1F23C}.Debug|Any CPU.ActiveCfg = Debug|Any CPU
		{76383FF8-5AED-4BAB-A57F-EE8C5DD1F23C}.Debug|Any CPU.Build.0 = Debug|Any CPU
		{76383FF8-5AED-4BAB-A57F-EE8C5DD1F23C}.Release|Any CPU.ActiveCfg = Release|Any CPU
		{76383FF8-5AED-4BAB-A57F-EE8C5DD1F23C}.Release|Any CPU.Build.0 = Release|Any CPU
	EndGlobalSection
	GlobalSection(SolutionProperties) = preSolution
		HideSolutionNode = FALSE
	EndGlobalSection
	GlobalSection(ExtensibilityGlobals) = postSolution
		SolutionGuid = {E15DE0C6-8F08-4732-B300-4204A256B97A}
	EndGlobalSection
EndGlobal
